
Microsoft Visual Studio Solution File, Format Version 12.00
# Visual Studio Version 17
VisualStudioVersion = 17.0.31919.166
MinimumVisualStudioVersion = 10.0.40219.1
Project("{FAE04EC0-301F-11D3-BF4B-00C04F79EFBC}") = "Wpf-demo-1", "Wpf-demo-1\Wpf-demo-1.csproj", "{E7247547-0F7F-4FFA-ACDE-2D2A3BFDD0CA}"
EndProject
Global
	GlobalSection(SolutionConfigurationPlatforms) = preSolution
		Debug|Any CPU = Debug|Any CPU
		Release|Any CPU = Release|Any CPU
	EndGlobalSection
	GlobalSection(ProjectConfigurationPlatforms) = postSolution
		{E7247547-0F7F-4FFA-ACDE-2D2A3BFDD0CA}.Debug|Any CPU.ActiveCfg = Debug|Any CPU
		{E7247547-0F7F-4FFA-ACDE-2D2A3BFDD0CA}.Debug|Any CPU.Build.0 = Debug|Any CPU
		{E7247547-0F7F-4FFA-ACDE-2D2A3BFDD0CA}.Release|Any CPU.ActiveCfg = Release|Any CPU
		{E7247547-0F7F-4FFA-ACDE-2D2A3BFDD0CA}.Release|Any CPU.Build.0 = Release|Any CPU
	EndGlobalSection
	GlobalSection(SolutionProperties) = preSolution
		HideSolutionNode = FALSE
	EndGlobalSection
	GlobalSection(ExtensibilityGlobals) = postSolution
		SolutionGuid = {8B2CEEB0-4244-4BA2-B567-F5DFA96C7BFD}
	EndGlobalSection
EndGlobal
